
Microsoft Visual Studio Solution File, Format Version 12.00
# Visual Studio 15
VisualStudioVersion = 15.0.28307.572
MinimumVisualStudioVersion = 10.0.40219.1
Project("{FAE04EC0-301F-11D3-BF4B-00C04F79EFBC}") = "HW1", "HW1\HW1.csproj", "{F2B7C4B4-BC77-4E3F-BF1C-66D048684755}"
EndProject
Global
	GlobalSection(SolutionConfigurationPlatforms) = preSolution
		Debug|Any CPU = Debug|Any CPU
		Release|Any CPU = Release|Any CPU
	EndGlobalSection
	GlobalSection(ProjectConfigurationPlatforms) = postSolution
		{F2B7C4B4-BC77-4E3F-BF1C-66D048684755}.Debug|Any CPU.ActiveCfg = Debug|Any CPU
		{F2B7C4B4-BC77-4E3F-BF1C-66D048684755}.Debug|Any CPU.Build.0 = Debug|Any CPU
		{F2B7C4B4-BC77-4E3F-BF1C-66D048684755}.Release|Any CPU.ActiveCfg = Release|Any CPU
		{F2B7C4B4-BC77-4E3F-BF1C-66D048684755}.Release|Any CPU.Build.0 = Release|Any CPU
	EndGlobalSection
	GlobalSection(SolutionProperties) = preSolution
		HideSolutionNode = FALSE
	EndGlobalSection
	GlobalSection(ExtensibilityGlobals) = postSolution
		SolutionGuid = {06021B5C-2538-449A-9897-1D50DF0C9436}
	EndGlobalSection
EndGlobal
